<?xml version="1.0" encoding="utf-8"?>
<Project ToolsVersion="4.0" xmlns="http://schemas.microsoft.com/developer/msbuild/2003">
  <ItemGroup>
    <ClCompile Include="Source\Main.cpp" />
    <ClCompile Include="Source\App.cpp" />
    <ClCompile Include="Source\Log.cpp">
      <Filter>Utils</Filter>
    </ClCompile>
    <ClCompile Include="Source\Audio.cpp">
      <Filter>Modules</Filter>
    </ClCompile>
    <ClCompile Include="Source\Input.cpp">
      <Filter>Modules</Filter>
    </ClCompile>
    <ClCompile Include="Source\PerfTimer.cpp">
      <Filter>Utils</Filter>
    </ClCompile>
    <ClCompile Include="Source\Timer.cpp">
      <Filter>Utils</Filter>
    </ClCompile>
    <ClCompile Include="Source\Render.cpp">
      <Filter>Modules</Filter>
    </ClCompile>
    <ClCompile Include="Source\Textures.cpp">
      <Filter>Modules</Filter>
    </ClCompile>
    <ClCompile Include="Source\Window.cpp">
      <Filter>Modules</Filter>
    </ClCompile>
    <ClCompile Include="Source\GuiButton.cpp">
      <Filter>GuiControls</Filter>
    </ClCompile>
    <ClCompile Include="Source\GuiManager.cpp">
      <Filter>Modules</Filter>
    </ClCompile>
    <ClCompile Include="Source\GuiCheckBox.cpp">
      <Filter>GuiControls</Filter>
    </ClCompile>
    <ClCompile Include="Source\GuiSlider.cpp">
      <Filter>GuiControls</Filter>
    </ClCompile>
    <ClCompile Include="Source\GuiString.cpp">
      <Filter>GuiControls</Filter>
    </ClCompile>
    <ClCompile Include="Source\EasingFunctions.cpp">
      <Filter>Utils</Filter>
    </ClCompile>
    <ClCompile Include="Source\AssetsManager.cpp">
      <Filter>Modules</Filter>
    </ClCompile>
    <ClCompile Include="Source\Scene.cpp">
      <Filter>Modules</Filter>
    </ClCompile>
    <ClCompile Include="Source\ParticleSystem.cpp">
      <Filter>Modules</Filter>
    </ClCompile>
    <ClCompile Include="Source\GuiImage.cpp">
      <Filter>GuiControls</Filter>
    </ClCompile>
    <ClCompile Include="Source\Particle.cpp">
      <Filter>Particles</Filter>
    </ClCompile>
    <ClCompile Include="Source\ParticlePool.cpp">
      <Filter>Particles</Filter>
    </ClCompile>
    <ClCompile Include="Source\Emitter.cpp">
      <Filter>Particles</Filter>
    </ClCompile>
  </ItemGroup>
  <ItemGroup>
    <ClInclude Include="Source\App.h" />
    <ClInclude Include="Source\Defs.h">
      <Filter>Utils</Filter>
    </ClInclude>
    <ClInclude Include="Source\Log.h">
      <Filter>Utils</Filter>
    </ClInclude>
    <ClInclude Include="Source\Audio.h">
      <Filter>Modules</Filter>
    </ClInclude>
    <ClInclude Include="Source\Input.h">
      <Filter>Modules</Filter>
    </ClInclude>
    <ClInclude Include="Source\Module.h">
      <Filter>Modules</Filter>
    </ClInclude>
    <ClInclude Include="Source\PerfTimer.h">
      <Filter>Utils</Filter>
    </ClInclude>
    <ClInclude Include="Source\Timer.h">
      <Filter>Utils</Filter>
    </ClInclude>
    <ClInclude Include="Source\Render.h">
      <Filter>Modules</Filter>
    </ClInclude>
    <ClInclude Include="Source\Textures.h">
      <Filter>Modules</Filter>
    </ClInclude>
    <ClInclude Include="Source\Window.h">
      <Filter>Modules</Filter>
    </ClInclude>
    <ClInclude Include="Source\GuiButton.h">
      <Filter>GuiControls</Filter>
    </ClInclude>
    <ClInclude Include="Source\GuiControl.h">
      <Filter>GuiControls</Filter>
    </ClInclude>
    <ClInclude Include="Source\GuiManager.h">
      <Filter>Modules</Filter>
    </ClInclude>
    <ClInclude Include="Source\GuiCheckBox.h">
      <Filter>GuiControls</Filter>
    </ClInclude>
    <ClInclude Include="Source\GuiSlider.h">
      <Filter>GuiControls</Filter>
    </ClInclude>
    <ClInclude Include="Source\GuiString.h">
      <Filter>GuiControls</Filter>
    </ClInclude>
    <ClInclude Include="Source\Collider.h">
      <Filter>Utils</Filter>
    </ClInclude>
    <ClInclude Include="Source\Animation.h">
      <Filter>Utils</Filter>
    </ClInclude>
    <ClInclude Include="Source\EasingFunctions.h">
      <Filter>Utils</Filter>
    </ClInclude>
    <ClInclude Include="Source\AssetsManager.h">
      <Filter>Modules</Filter>
    </ClInclude>
    <ClInclude Include="Source\Scene.h">
      <Filter>Modules</Filter>
    </ClInclude>
    <ClInclude Include="Source\ParticleSystem.h">
      <Filter>Modules</Filter>
    </ClInclude>
    <ClInclude Include="Source\Rect.h">
      <Filter>Utils</Filter>
    </ClInclude>
    <ClInclude Include="Source\Point.h">
      <Filter>Utils</Filter>
    </ClInclude>
    <ClInclude Include="Source\Multibool.h">
      <Filter>Utils</Filter>
    </ClInclude>
    <ClInclude Include="Source\AlignEnum.h">
      <Filter>Utils</Filter>
    </ClInclude>
    <ClInclude Include="Source\GuiImage.h">
      <Filter>GuiControls</Filter>
    </ClInclude>
    <ClInclude Include="Source\Circle.h">
      <Filter>Utils</Filter>
    </ClInclude>
    <ClInclude Include="Source\Particle.h">
      <Filter>Particles</Filter>
    </ClInclude>
    <ClInclude Include="Source\ParticlePool.h">
      <Filter>Particles</Filter>
    </ClInclude>
    <ClInclude Include="Source\Emitter.h">
      <Filter>Particles</Filter>
    </ClInclude>
  </ItemGroup>
  <ItemGroup>
    <Filter Include="External">
      <UniqueIdentifier>{83a966c7-b4bb-4eff-9c2c-3ff3c7b55a60}</UniqueIdentifier>
    </Filter>
    <Filter Include="Utils">
      <UniqueIdentifier>{2cad778a-d356-48b0-9fee-587f1bbb187e}</UniqueIdentifier>
    </Filter>
    <Filter Include="Modules">
      <UniqueIdentifier>{bfe4e094-9e73-4cb6-9027-deaaa69e9993}</UniqueIdentifier>
    </Filter>
    <Filter Include="GuiControls">
      <UniqueIdentifier>{4d3153ed-57fc-4feb-a588-da24db86de8d}</UniqueIdentifier>
    </Filter>
    <Filter Include="Particles">
      <UniqueIdentifier>{257dd264-c3ff-4f1c-beda-43942a23e913}</UniqueIdentifier>
    </Filter>
  </ItemGroup>
</Project>