<?xml version="1.0" encoding="utf-8"?>
<Project ToolsVersion="4.0" xmlns="http://schemas.microsoft.com/developer/msbuild/2003">
  <ItemGroup>
    <ClCompile Include="Source\Main.cpp" />
    <ClCompile Include="Source\App.cpp" />
    <ClCompile Include="Source\Log.cpp">
      <Filter>Utils</Filter>
    </ClCompile>
    <ClCompile Include="Source\Input.cpp">
      <Filter>Modules</Filter>
    </ClCompile>
    <ClCompile Include="Source\Render.cpp">
      <Filter>Modules</Filter>
    </ClCompile>
    <ClCompile Include="Source\Window.cpp">
      <Filter>Modules</Filter>
    </ClCompile>
    <ClCompile Include="Source\Easing.cpp">
      <Filter>Utils</Filter>
    </ClCompile>
    <ClCompile Include="Source\Textures.cpp">
      <Filter>Assets Manager</Filter>
    </ClCompile>
    <ClCompile Include="Source\AssetsManager.cpp">
      <Filter>Assets Manager</Filter>
    </ClCompile>
    <ClCompile Include="Source\Scene.cpp">
      <Filter>Scenes</Filter>
    </ClCompile>
    <ClCompile Include="Source\SceneManager.cpp">
      <Filter>Modules</Filter>
    </ClCompile>
    <ClCompile Include="Source\LightTimer.cpp">
      <Filter>Utils</Filter>
    </ClCompile>
    <ClCompile Include="Source\PerfTimer.cpp">
      <Filter>Utils</Filter>
    </ClCompile>
    <ClCompile Include="Source\InitialScene.cpp">
      <Filter>Scenes</Filter>
    </ClCompile>
    <ClCompile Include="Source\ExamScene.cpp">
      <Filter>Scenes\Test</Filter>
    </ClCompile>
    <ClCompile Include="Source\TestThreeScene.cpp">
      <Filter>Scenes\Test</Filter>
    </ClCompile>
    <ClCompile Include="Source\EditorScene.cpp">
      <Filter>Scenes</Filter>
    </ClCompile>
  </ItemGroup>
  <ItemGroup>
    <ClInclude Include="Source\App.h" />
    <ClInclude Include="Source\Defs.h">
      <Filter>Utils</Filter>
    </ClInclude>
    <ClInclude Include="Source\Log.h">
      <Filter>Utils</Filter>
    </ClInclude>
    <ClInclude Include="Source\Input.h">
      <Filter>Modules</Filter>
    </ClInclude>
    <ClInclude Include="Source\Module.h">
      <Filter>Modules</Filter>
    </ClInclude>
    <ClInclude Include="Source\Render.h">
      <Filter>Modules</Filter>
    </ClInclude>
    <ClInclude Include="Source\Window.h">
      <Filter>Modules</Filter>
    </ClInclude>
    <ClInclude Include="Source\Easing.h">
      <Filter>Utils</Filter>
    </ClInclude>
    <ClInclude Include="Source\Circle.h">
      <Filter>Utils</Filter>
    </ClInclude>
    <ClInclude Include="Source\Textures.h">
      <Filter>Assets Manager</Filter>
    </ClInclude>
    <ClInclude Include="Source\AssetsManager.h">
      <Filter>Assets Manager</Filter>
    </ClInclude>
    <ClInclude Include="Source\Scene.h">
      <Filter>Scenes</Filter>
    </ClInclude>
    <ClInclude Include="Source\SceneManager.h">
      <Filter>Modules</Filter>
    </ClInclude>
    <ClInclude Include="Source\LightTimer.h">
      <Filter>Utils</Filter>
    </ClInclude>
    <ClInclude Include="Source\PerfTimer.h">
      <Filter>Utils</Filter>
    </ClInclude>
    <ClInclude Include="Source\InitialScene.h">
      <Filter>Scenes</Filter>
    </ClInclude>
    <ClInclude Include="Source\Vector.h">
      <Filter>Utils\Data Structures</Filter>
    </ClInclude>
    <ClInclude Include="Source\Array.h">
      <Filter>Utils\Data Structures</Filter>
    </ClInclude>
    <ClInclude Include="Source\Map.h">
      <Filter>Utils\Data Structures</Filter>
    </ClInclude>
    <ClInclude Include="Source\ExamScene.h">
      <Filter>Scenes\Test</Filter>
    </ClInclude>
    <ClInclude Include="Source\TestThreeScene.h">
      <Filter>Scenes\Test</Filter>
    </ClInclude>
    <ClInclude Include="Source\EditorScene.h">
      <Filter>Scenes</Filter>
    </ClInclude>
    <ClInclude Include="Source\Grid.h">
      <Filter>Utils\Data Structures</Filter>
    </ClInclude>
  </ItemGroup>
  <ItemGroup>
    <Filter Include="External">
      <UniqueIdentifier>{83a966c7-b4bb-4eff-9c2c-3ff3c7b55a60}</UniqueIdentifier>
    </Filter>
    <Filter Include="Utils">
      <UniqueIdentifier>{2cad778a-d356-48b0-9fee-587f1bbb187e}</UniqueIdentifier>
    </Filter>
    <Filter Include="Modules">
      <UniqueIdentifier>{bfe4e094-9e73-4cb6-9027-deaaa69e9993}</UniqueIdentifier>
    </Filter>
    <Filter Include="Assets Manager">
      <UniqueIdentifier>{1a899daa-a751-4a1e-a203-925337f47feb}</UniqueIdentifier>
    </Filter>
    <Filter Include="Scenes">
      <UniqueIdentifier>{ef7aa7b2-c433-4129-8049-bdba8e49182e}</UniqueIdentifier>
    </Filter>
    <Filter Include="Utils\Data Structures">
      <UniqueIdentifier>{c5ea655c-769e-4e82-a483-6926ada47076}</UniqueIdentifier>
    </Filter>
    <Filter Include="Scenes\Test">
      <UniqueIdentifier>{c8d8bca4-8cd3-4d69-aa03-02475f9cd6a9}</UniqueIdentifier>
    </Filter>
  </ItemGroup>
</Project>