<?xml version="1.0" encoding="utf-8"?>
<Project ToolsVersion="4.0" xmlns="http://schemas.microsoft.com/developer/msbuild/2003">
  <ItemGroup>
    <Filter Include="Core">
      <UniqueIdentifier>{b04cbb27-f9fa-4cfd-a206-f5391ef8efaf}</UniqueIdentifier>
    </Filter>
    <Filter Include="Utils">
      <UniqueIdentifier>{8e05faad-d55b-47c1-a8af-b8245aa900a4}</UniqueIdentifier>
    </Filter>
    <Filter Include="Enums">
      <UniqueIdentifier>{2db2c919-7b88-48d1-924b-11881312a60a}</UniqueIdentifier>
    </Filter>
    <Filter Include="Aux">
      <UniqueIdentifier>{10ec213a-c895-4ae3-805b-a1548ae2482a}</UniqueIdentifier>
    </Filter>
    <Filter Include="External">
      <UniqueIdentifier>{292119d1-7b68-49d5-aaa0-08328ae34158}</UniqueIdentifier>
    </Filter>
    <Filter Include="Core\Audio">
      <UniqueIdentifier>{eaebb9be-db7b-43cf-8eec-19b1910553e4}</UniqueIdentifier>
    </Filter>
    <Filter Include="Core\Physics">
      <UniqueIdentifier>{e635d485-32e6-4ee0-87ad-a58144e173b3}</UniqueIdentifier>
    </Filter>
    <Filter Include="Core\Audio\Units">
      <UniqueIdentifier>{ded7b72e-a185-4ba0-b4c9-8f0e9489c1e1}</UniqueIdentifier>
    </Filter>
    <Filter Include="Core\Bodies">
      <UniqueIdentifier>{52485742-4c24-4130-b2a5-d981ba201e50}</UniqueIdentifier>
    </Filter>
    <Filter Include="Core\Physics\Units">
      <UniqueIdentifier>{dc2b567a-edbd-4aee-b0b4-619283719220}</UniqueIdentifier>
    </Filter>
    <Filter Include="Core\Bodies\Units">
      <UniqueIdentifier>{7e5b62f1-a575-470f-bd65-bbaadb17c891}</UniqueIdentifier>
    </Filter>
    <Filter Include="External\SoLoud">
      <UniqueIdentifier>{b7ffab4b-69cb-4c8b-8a44-246cce313c7a}</UniqueIdentifier>
    </Filter>
    <Filter Include="Core\Acoustics">
      <UniqueIdentifier>{854aff1a-4a9a-4e25-b421-e5979950bc58}</UniqueIdentifier>
    </Filter>
    <Filter Include="Core\Acoustics\Units">
      <UniqueIdentifier>{fec5f247-d0aa-4a47-b02d-d7c78429060e}</UniqueIdentifier>
    </Filter>
  </ItemGroup>
  <ItemGroup>
    <ClCompile Include="Source\NoPhysicsLibrary.cpp">
      <Filter>Core</Filter>
    </ClCompile>
    <ClCompile Include="Source\Body.cpp">
      <Filter>Core\Bodies</Filter>
    </ClCompile>
    <ClCompile Include="Source\DynamicBody.cpp">
      <Filter>Core\Bodies</Filter>
    </ClCompile>
    <ClCompile Include="Source\StaticBody.cpp">
      <Filter>Core\Bodies</Filter>
    </ClCompile>
    <ClCompile Include="Source\LiquidBody.cpp">
      <Filter>Core\Bodies</Filter>
    </ClCompile>
    <ClCompile Include="Source\GasBody.cpp">
      <Filter>Core\Bodies</Filter>
    </ClCompile>
    <ClCompile Include="Source\Audio.cpp">
      <Filter>Core\Audio</Filter>
    </ClCompile>
    <ClCompile Include="Source\Physics.cpp">
      <Filter>Core\Physics</Filter>
    </ClCompile>
    <ClCompile Include="Source\Define.cpp">
      <Filter>Utils</Filter>
    </ClCompile>
    <ClCompile Include="Source\Sound.cpp">
      <Filter>Core\Audio\Units</Filter>
    </ClCompile>
    <ClCompile Include="Source\Timer.cpp">
      <Filter>Utils</Filter>
    </ClCompile>
    <ClCompile Include="Source\PhysVec.cpp">
      <Filter>Core\Physics\Units</Filter>
    </ClCompile>
    <ClCompile Include="Source\PhysRect.cpp">
      <Filter>Core\Physics\Units</Filter>
    </ClCompile>
    <ClCompile Include="Source\External\SoLoud\src\audiosource\monotone\soloud_monotone.cpp">
      <Filter>External\SoLoud</Filter>
    </ClCompile>
    <ClCompile Include="Source\External\SoLoud\src\audiosource\noise\soloud_noise.cpp">
      <Filter>External\SoLoud</Filter>
    </ClCompile>
    <ClCompile Include="Source\External\SoLoud\src\audiosource\openmpt\soloud_openmpt.cpp">
      <Filter>External\SoLoud</Filter>
    </ClCompile>
    <ClCompile Include="Source\External\SoLoud\src\audiosource\openmpt\soloud_openmpt_dll.c">
      <Filter>External\SoLoud</Filter>
    </ClCompile>
    <ClCompile Include="Source\External\SoLoud\src\audiosource\sfxr\soloud_sfxr.cpp">
      <Filter>External\SoLoud</Filter>
    </ClCompile>
    <ClCompile Include="Source\External\SoLoud\src\audiosource\speech\darray.cpp">
      <Filter>External\SoLoud</Filter>
    </ClCompile>
    <ClCompile Include="Source\External\SoLoud\src\audiosource\speech\klatt.cpp">
      <Filter>External\SoLoud</Filter>
    </ClCompile>
    <ClCompile Include="Source\External\SoLoud\src\audiosource\speech\resonator.cpp">
      <Filter>External\SoLoud</Filter>
    </ClCompile>
    <ClCompile Include="Source\External\SoLoud\src\audiosource\speech\soloud_speech.cpp">
      <Filter>External\SoLoud</Filter>
    </ClCompile>
    <ClCompile Include="Source\External\SoLoud\src\audiosource\speech\tts.cpp">
      <Filter>External\SoLoud</Filter>
    </ClCompile>
    <ClCompile Include="Source\External\SoLoud\src\audiosource\tedsid\sid.cpp">
      <Filter>External\SoLoud</Filter>
    </ClCompile>
    <ClCompile Include="Source\External\SoLoud\src\audiosource\tedsid\soloud_tedsid.cpp">
      <Filter>External\SoLoud</Filter>
    </ClCompile>
    <ClCompile Include="Source\External\SoLoud\src\audiosource\tedsid\ted.cpp">
      <Filter>External\SoLoud</Filter>
    </ClCompile>
    <ClCompile Include="Source\External\SoLoud\src\audiosource\vic\soloud_vic.cpp">
      <Filter>External\SoLoud</Filter>
    </ClCompile>
    <ClCompile Include="Source\External\SoLoud\src\audiosource\vizsn\soloud_vizsn.cpp">
      <Filter>External\SoLoud</Filter>
    </ClCompile>
    <ClCompile Include="Source\External\SoLoud\src\audiosource\wav\dr_impl.cpp">
      <Filter>External\SoLoud</Filter>
    </ClCompile>
    <ClCompile Include="Source\External\SoLoud\src\audiosource\wav\soloud_wav.cpp">
      <Filter>External\SoLoud</Filter>
    </ClCompile>
    <ClCompile Include="Source\External\SoLoud\src\audiosource\wav\soloud_wavstream.cpp">
      <Filter>External\SoLoud</Filter>
    </ClCompile>
    <ClCompile Include="Source\External\SoLoud\src\audiosource\wav\stb_vorbis.c">
      <Filter>External\SoLoud</Filter>
    </ClCompile>
    <ClCompile Include="Source\External\SoLoud\src\backend\miniaudio\soloud_miniaudio.cpp">
      <Filter>External\SoLoud</Filter>
    </ClCompile>
    <ClCompile Include="Source\External\SoLoud\src\c_api\soloud_c.cpp">
      <Filter>External\SoLoud</Filter>
    </ClCompile>
    <ClCompile Include="Source\External\SoLoud\src\core\soloud_thread.cpp">
      <Filter>External\SoLoud</Filter>
    </ClCompile>
    <ClCompile Include="Source\External\SoLoud\src\core\soloud.cpp">
      <Filter>External\SoLoud</Filter>
    </ClCompile>
    <ClCompile Include="Source\External\SoLoud\src\core\soloud_audiosource.cpp">
      <Filter>External\SoLoud</Filter>
    </ClCompile>
    <ClCompile Include="Source\External\SoLoud\src\core\soloud_bus.cpp">
      <Filter>External\SoLoud</Filter>
    </ClCompile>
    <ClCompile Include="Source\External\SoLoud\src\core\soloud_core_3d.cpp">
      <Filter>External\SoLoud</Filter>
    </ClCompile>
    <ClCompile Include="Source\External\SoLoud\src\core\soloud_core_basicops.cpp">
      <Filter>External\SoLoud</Filter>
    </ClCompile>
    <ClCompile Include="Source\External\SoLoud\src\core\soloud_core_faderops.cpp">
      <Filter>External\SoLoud</Filter>
    </ClCompile>
    <ClCompile Include="Source\External\SoLoud\src\core\soloud_core_filterops.cpp">
      <Filter>External\SoLoud</Filter>
    </ClCompile>
    <ClCompile Include="Source\External\SoLoud\src\core\soloud_core_getters.cpp">
      <Filter>External\SoLoud</Filter>
    </ClCompile>
    <ClCompile Include="Source\External\SoLoud\src\core\soloud_core_setters.cpp">
      <Filter>External\SoLoud</Filter>
    </ClCompile>
    <ClCompile Include="Source\External\SoLoud\src\core\soloud_core_voicegroup.cpp">
      <Filter>External\SoLoud</Filter>
    </ClCompile>
    <ClCompile Include="Source\External\SoLoud\src\core\soloud_core_voiceops.cpp">
      <Filter>External\SoLoud</Filter>
    </ClCompile>
    <ClCompile Include="Source\External\SoLoud\src\core\soloud_fader.cpp">
      <Filter>External\SoLoud</Filter>
    </ClCompile>
    <ClCompile Include="Source\External\SoLoud\src\core\soloud_fft.cpp">
      <Filter>External\SoLoud</Filter>
    </ClCompile>
    <ClCompile Include="Source\External\SoLoud\src\core\soloud_fft_lut.cpp">
      <Filter>External\SoLoud</Filter>
    </ClCompile>
    <ClCompile Include="Source\External\SoLoud\src\core\soloud_file.cpp">
      <Filter>External\SoLoud</Filter>
    </ClCompile>
    <ClCompile Include="Source\External\SoLoud\src\core\soloud_filter.cpp">
      <Filter>External\SoLoud</Filter>
    </ClCompile>
    <ClCompile Include="Source\External\SoLoud\src\core\soloud_misc.cpp">
      <Filter>External\SoLoud</Filter>
    </ClCompile>
    <ClCompile Include="Source\External\SoLoud\src\core\soloud_queue.cpp">
      <Filter>External\SoLoud</Filter>
    </ClCompile>
    <ClCompile Include="Source\External\SoLoud\src\filter\soloud_waveshaperfilter.cpp">
      <Filter>External\SoLoud</Filter>
    </ClCompile>
    <ClCompile Include="Source\External\SoLoud\src\filter\soloud_bassboostfilter.cpp">
      <Filter>External\SoLoud</Filter>
    </ClCompile>
    <ClCompile Include="Source\External\SoLoud\src\filter\soloud_biquadresonantfilter.cpp">
      <Filter>External\SoLoud</Filter>
    </ClCompile>
    <ClCompile Include="Source\External\SoLoud\src\filter\soloud_dcremovalfilter.cpp">
      <Filter>External\SoLoud</Filter>
    </ClCompile>
    <ClCompile Include="Source\External\SoLoud\src\filter\soloud_echofilter.cpp">
      <Filter>External\SoLoud</Filter>
    </ClCompile>
    <ClCompile Include="Source\External\SoLoud\src\filter\soloud_fftfilter.cpp">
      <Filter>External\SoLoud</Filter>
    </ClCompile>
    <ClCompile Include="Source\External\SoLoud\src\filter\soloud_flangerfilter.cpp">
      <Filter>External\SoLoud</Filter>
    </ClCompile>
    <ClCompile Include="Source\External\SoLoud\src\filter\soloud_freeverbfilter.cpp">
      <Filter>External\SoLoud</Filter>
    </ClCompile>
    <ClCompile Include="Source\External\SoLoud\src\filter\soloud_lofifilter.cpp">
      <Filter>External\SoLoud</Filter>
    </ClCompile>
    <ClCompile Include="Source\External\SoLoud\src\filter\soloud_robotizefilter.cpp">
      <Filter>External\SoLoud</Filter>
    </ClCompile>
    <ClCompile Include="Source\Material.cpp">
      <Filter>Core\Bodies</Filter>
    </ClCompile>
    <ClCompile Include="Source\Acoustics.cpp">
      <Filter>Core\Acoustics</Filter>
    </ClCompile>
  </ItemGroup>
  <ItemGroup>
    <ClInclude Include="Source\NoPhysicsLibrary.h">
      <Filter>Core</Filter>
    </ClInclude>
    <ClInclude Include="Source\BodyClassEnum.h">
      <Filter>Enums</Filter>
    </ClInclude>
    <ClInclude Include="Source\Body.h">
      <Filter>Core\Bodies</Filter>
    </ClInclude>
    <ClInclude Include="Source\DynamicBody.h">
      <Filter>Core\Bodies</Filter>
    </ClInclude>
    <ClInclude Include="Source\StaticBody.h">
      <Filter>Core\Bodies</Filter>
    </ClInclude>
    <ClInclude Include="Source\Flag.h">
      <Filter>Utils</Filter>
    </ClInclude>
    <ClInclude Include="Source\BodyCreationAux.h">
      <Filter>Aux</Filter>
    </ClInclude>
    <ClInclude Include="Source\DirectionEnum.h">
      <Filter>Enums</Filter>
    </ClInclude>
    <ClInclude Include="Source\PhysicsPresetEnum.h">
      <Filter>Enums</Filter>
    </ClInclude>
    <ClInclude Include="Source\ScenarioPresetEnum.h">
      <Filter>Enums</Filter>
    </ClInclude>
    <ClInclude Include="Source\LiquidBody.h">
      <Filter>Core\Bodies</Filter>
    </ClInclude>
    <ClInclude Include="Source\GasBody.h">
      <Filter>Core\Bodies</Filter>
    </ClInclude>
    <ClInclude Include="Source\Audio.h">
      <Filter>Core\Audio</Filter>
    </ClInclude>
    <ClInclude Include="Source\Physics.h">
      <Filter>Core\Physics</Filter>
    </ClInclude>
    <ClInclude Include="Source\Define.h">
      <Filter>Utils</Filter>
    </ClInclude>
    <ClInclude Include="Source\Sound.h">
      <Filter>Core\Audio\Units</Filter>
    </ClInclude>
    <ClInclude Include="Source\SoundData.h">
      <Filter>Core\Audio\Units</Filter>
    </ClInclude>
    <ClInclude Include="Source\PhysVec.h">
      <Filter>Core\Physics\Units</Filter>
    </ClInclude>
    <ClInclude Include="Source\BodyBackup.h">
      <Filter>Core\Bodies\Units</Filter>
    </ClInclude>
    <ClInclude Include="Source\Collision.h">
      <Filter>Core\Physics\Units</Filter>
    </ClInclude>
    <ClInclude Include="Source\Timer.h">
      <Filter>Utils</Filter>
    </ClInclude>
    <ClInclude Include="Source\Ray.h">
      <Filter>Utils</Filter>
    </ClInclude>
    <ClInclude Include="Source\InUnitsEnum.h">
      <Filter>Enums</Filter>
    </ClInclude>
    <ClInclude Include="Source\LibraryConfigAux.h">
      <Filter>Aux</Filter>
    </ClInclude>
    <ClInclude Include="Source\BodyStateEnum.h">
      <Filter>Enums</Filter>
    </ClInclude>
    <ClInclude Include="Source\GetDataAuxiliar.h">
      <Filter>Aux</Filter>
    </ClInclude>
    <ClInclude Include="Source\PhysRect.h">
      <Filter>Core\Physics\Units</Filter>
    </ClInclude>
    <ClInclude Include="Source\PhysMath.h">
      <Filter>Utils</Filter>
    </ClInclude>
    <ClInclude Include="Source\LibraryEnums.h">
      <Filter>Enums</Filter>
    </ClInclude>
    <ClInclude Include="Source\LibraryAuxiliars.h">
      <Filter>Aux</Filter>
    </ClInclude>
    <ClInclude Include="Source\PhysArray.h">
      <Filter>Utils</Filter>
    </ClInclude>
    <ClInclude Include="Source\PhysID.h">
      <Filter>Utils</Filter>
    </ClInclude>
    <ClInclude Include="Source\PhysAction.h">
      <Filter>Utils</Filter>
    </ClInclude>
    <ClInclude Include="Source\External\SoLoud\include\soloud_noise.h">
      <Filter>External\SoLoud</Filter>
    </ClInclude>
    <ClInclude Include="Source\External\SoLoud\include\soloud_openmpt.h">
      <Filter>External\SoLoud</Filter>
    </ClInclude>
    <ClInclude Include="Source\External\SoLoud\include\soloud_queue.h">
      <Filter>External\SoLoud</Filter>
    </ClInclude>
    <ClInclude Include="Source\External\SoLoud\include\soloud_robotizefilter.h">
      <Filter>External\SoLoud</Filter>
    </ClInclude>
    <ClInclude Include="Source\External\SoLoud\include\soloud_sfxr.h">
      <Filter>External\SoLoud</Filter>
    </ClInclude>
    <ClInclude Include="Source\External\SoLoud\include\soloud_speech.h">
      <Filter>External\SoLoud</Filter>
    </ClInclude>
    <ClInclude Include="Source\External\SoLoud\include\soloud_tedsid.h">
      <Filter>External\SoLoud</Filter>
    </ClInclude>
    <ClInclude Include="Source\External\SoLoud\include\soloud_thread.h">
      <Filter>External\SoLoud</Filter>
    </ClInclude>
    <ClInclude Include="Source\External\SoLoud\include\soloud_vic.h">
      <Filter>External\SoLoud</Filter>
    </ClInclude>
    <ClInclude Include="Source\External\SoLoud\include\soloud_vizsn.h">
      <Filter>External\SoLoud</Filter>
    </ClInclude>
    <ClInclude Include="Source\External\SoLoud\include\soloud_wav.h">
      <Filter>External\SoLoud</Filter>
    </ClInclude>
    <ClInclude Include="Source\External\SoLoud\include\soloud_waveshaperfilter.h">
      <Filter>External\SoLoud</Filter>
    </ClInclude>
    <ClInclude Include="Source\External\SoLoud\include\soloud_wavstream.h">
      <Filter>External\SoLoud</Filter>
    </ClInclude>
    <ClInclude Include="Source\External\SoLoud\include\soloud.h">
      <Filter>External\SoLoud</Filter>
    </ClInclude>
    <ClInclude Include="Source\External\SoLoud\include\soloud_audiosource.h">
      <Filter>External\SoLoud</Filter>
    </ClInclude>
    <ClInclude Include="Source\External\SoLoud\include\soloud_bassboostfilter.h">
      <Filter>External\SoLoud</Filter>
    </ClInclude>
    <ClInclude Include="Source\External\SoLoud\include\soloud_biquadresonantfilter.h">
      <Filter>External\SoLoud</Filter>
    </ClInclude>
    <ClInclude Include="Source\External\SoLoud\include\soloud_bus.h">
      <Filter>External\SoLoud</Filter>
    </ClInclude>
    <ClInclude Include="Source\External\SoLoud\include\soloud_c.h">
      <Filter>External\SoLoud</Filter>
    </ClInclude>
    <ClInclude Include="Source\External\SoLoud\include\soloud_dcremovalfilter.h">
      <Filter>External\SoLoud</Filter>
    </ClInclude>
    <ClInclude Include="Source\External\SoLoud\include\soloud_echofilter.h">
      <Filter>External\SoLoud</Filter>
    </ClInclude>
    <ClInclude Include="Source\External\SoLoud\include\soloud_error.h">
      <Filter>External\SoLoud</Filter>
    </ClInclude>
    <ClInclude Include="Source\External\SoLoud\include\soloud_fader.h">
      <Filter>External\SoLoud</Filter>
    </ClInclude>
    <ClInclude Include="Source\External\SoLoud\include\soloud_fft.h">
      <Filter>External\SoLoud</Filter>
    </ClInclude>
    <ClInclude Include="Source\External\SoLoud\include\soloud_fftfilter.h">
      <Filter>External\SoLoud</Filter>
    </ClInclude>
    <ClInclude Include="Source\External\SoLoud\include\soloud_file.h">
      <Filter>External\SoLoud</Filter>
    </ClInclude>
    <ClInclude Include="Source\External\SoLoud\include\soloud_file_hack_off.h">
      <Filter>External\SoLoud</Filter>
    </ClInclude>
    <ClInclude Include="Source\External\SoLoud\include\soloud_file_hack_on.h">
      <Filter>External\SoLoud</Filter>
    </ClInclude>
    <ClInclude Include="Source\External\SoLoud\include\soloud_filter.h">
      <Filter>External\SoLoud</Filter>
    </ClInclude>
    <ClInclude Include="Source\External\SoLoud\include\soloud_flangerfilter.h">
      <Filter>External\SoLoud</Filter>
    </ClInclude>
    <ClInclude Include="Source\External\SoLoud\include\soloud_freeverbfilter.h">
      <Filter>External\SoLoud</Filter>
    </ClInclude>
    <ClInclude Include="Source\External\SoLoud\include\soloud_internal.h">
      <Filter>External\SoLoud</Filter>
    </ClInclude>
    <ClInclude Include="Source\External\SoLoud\include\soloud_lofifilter.h">
      <Filter>External\SoLoud</Filter>
    </ClInclude>
    <ClInclude Include="Source\External\SoLoud\include\soloud_misc.h">
      <Filter>External\SoLoud</Filter>
    </ClInclude>
    <ClInclude Include="Source\External\SoLoud\include\soloud_monotone.h">
      <Filter>External\SoLoud</Filter>
    </ClInclude>
    <ClInclude Include="Source\External\SoLoud\src\audiosource\speech\darray.h">
      <Filter>External\SoLoud</Filter>
    </ClInclude>
    <ClInclude Include="Source\External\SoLoud\src\audiosource\speech\klatt.h">
      <Filter>External\SoLoud</Filter>
    </ClInclude>
    <ClInclude Include="Source\External\SoLoud\src\audiosource\speech\resonator.h">
      <Filter>External\SoLoud</Filter>
    </ClInclude>
    <ClInclude Include="Source\External\SoLoud\src\audiosource\speech\tts.h">
      <Filter>External\SoLoud</Filter>
    </ClInclude>
    <ClInclude Include="Source\External\SoLoud\src\audiosource\tedsid\sid.h">
      <Filter>External\SoLoud</Filter>
    </ClInclude>
    <ClInclude Include="Source\External\SoLoud\src\audiosource\tedsid\ted.h">
      <Filter>External\SoLoud</Filter>
    </ClInclude>
    <ClInclude Include="Source\External\SoLoud\src\audiosource\wav\dr_flac.h">
      <Filter>External\SoLoud</Filter>
    </ClInclude>
    <ClInclude Include="Source\External\SoLoud\src\audiosource\wav\dr_mp3.h">
      <Filter>External\SoLoud</Filter>
    </ClInclude>
    <ClInclude Include="Source\External\SoLoud\src\audiosource\wav\dr_wav.h">
      <Filter>External\SoLoud</Filter>
    </ClInclude>
    <ClInclude Include="Source\External\SoLoud\src\audiosource\wav\stb_vorbis.h">
      <Filter>External\SoLoud</Filter>
    </ClInclude>
    <ClInclude Include="Source\External\SoLoud\src\backend\miniaudio\miniaudio.h">
      <Filter>External\SoLoud</Filter>
    </ClInclude>
    <ClInclude Include="Source\Material.h">
      <Filter>Core\Bodies</Filter>
    </ClInclude>
    <ClInclude Include="Source\AcusticData.h">
      <Filter>Core\Acoustics\Units</Filter>
    </ClInclude>
    <ClInclude Include="Source\PhysTrigger.h">
      <Filter>Utils</Filter>
    </ClInclude>
    <ClInclude Include="Source\PitchShiftFilter.h">
      <Filter>Core\Audio</Filter>
    </ClInclude>
    <ClInclude Include="Source\Acoustics.h">
      <Filter>Core\Acoustics</Filter>
    </ClInclude>
  </ItemGroup>
</Project>